
Microsoft Visual Studio Solution File, Format Version 12.00
# Visual Studio Version 16
VisualStudioVersion = 16.0.29806.167
MinimumVisualStudioVersion = 10.0.40219.1
Project("{9A19103F-16F7-4668-BE54-9A1E7A4F7556}") = "EntityFrameworkCore.Api", "EntityFrameworkCore.Api\EntityFrameworkCore.Api.csproj", "{055E421F-F52F-4179-B1A6-02A6BFC85128}"
EndProject
Project("{FAE04EC0-301F-11D3-BF4B-00C04F79EFBC}") = "Entities", "Entities\Entities.csproj", "{9C154A5A-B763-4AF5-A094-EC603652090C}"
EndProject
Global
	GlobalSection(SolutionConfigurationPlatforms) = preSolution
		Debug|Any CPU = Debug|Any CPU
		Release|Any CPU = Release|Any CPU
	EndGlobalSection
	GlobalSection(ProjectConfigurationPlatforms) = postSolution
		{055E421F-F52F-4179-B1A6-02A6BFC85128}.Debug|Any CPU.ActiveCfg = Debug|Any CPU
		{055E421F-F52F-4179-B1A6-02A6BFC85128}.Debug|Any CPU.Build.0 = Debug|Any CPU
		{055E421F-F52F-4179-B1A6-02A6BFC85128}.Release|Any CPU.ActiveCfg = Release|Any CPU
		{055E421F-F52F-4179-B1A6-02A6BFC85128}.Release|Any CPU.Build.0 = Release|Any CPU
		{9C154A5A-B763-4AF5-A094-EC603652090C}.Debug|Any CPU.ActiveCfg = Debug|Any CPU
		{9C154A5A-B763-4AF5-A094-EC603652090C}.Debug|Any CPU.Build.0 = Debug|Any CPU
		{9C154A5A-B763-4AF5-A094-EC603652090C}.Release|Any CPU.ActiveCfg = Release|Any CPU
		{9C154A5A-B763-4AF5-A094-EC603652090C}.Release|Any CPU.Build.0 = Release|Any CPU
	EndGlobalSection
	GlobalSection(SolutionProperties) = preSolution
		HideSolutionNode = FALSE
	EndGlobalSection
	GlobalSection(ExtensibilityGlobals) = postSolution
		SolutionGuid = {8F86983A-8F82-495E-BABD-3F6EE6DDB4D3}
	EndGlobalSection
EndGlobal
